<?xml version="1.0" encoding="utf-8"?>
<Project ToolsVersion="4.0" xmlns="http://schemas.microsoft.com/developer/msbuild/2003">
  <ItemGroup>
    <ClCompile Include="MemoryCommander.cpp" />
    <ClCompile Include="MemoryManagerExternal.cpp">
      <Filter>Memory</Filter>
    </ClCompile>
    <ClCompile Include="HelperMethods.cpp">
      <Filter>Shared</Filter>
    </ClCompile>
  </ItemGroup>
  <ItemGroup>
    <ClInclude Include="MemoryCommander.h" />
    <ClInclude Include="MemoryManagerExternal.h">
      <Filter>Memory</Filter>
    </ClInclude>
    <ClInclude Include="MemoryProtection.h">
      <Filter>Native\Enumerations</Filter>
    </ClInclude>
    <ClInclude Include="ProcessAccess.h">
      <Filter>Native\Enumerations</Filter>
    </ClInclude>
    <ClInclude Include="HelperMethods.h">
      <Filter>Shared</Filter>
    </ClInclude>
  </ItemGroup>
  <ItemGroup>
    <Filter Include="Memory">
      <UniqueIdentifier>{248e7357-c067-45fc-a8d4-2f4af12f280e}</UniqueIdentifier>
    </Filter>
    <Filter Include="Native">
      <UniqueIdentifier>{09704117-dcab-4d4c-bef3-336b6aac6f70}</UniqueIdentifier>
    </Filter>
    <Filter Include="Native\Enumerations">
      <UniqueIdentifier>{0f22e6f7-d1e5-4685-ba19-344d3fe27b68}</UniqueIdentifier>
    </Filter>
    <Filter Include="Shared">
      <UniqueIdentifier>{74cafc92-a365-4613-8736-8f2c6a1d19a3}</UniqueIdentifier>
    </Filter>
  </ItemGroup>
  <ItemGroup>
    <None Include="cpp.hint" />
  </ItemGroup>
</Project>