<?xml version="1.0" encoding="utf-8"?>
<Project ToolsVersion="4.0" xmlns="http://schemas.microsoft.com/developer/msbuild/2003">
  <ItemGroup>
    <ClCompile Include="MemoryCommander.cpp" />
    <ClCompile Include="MemoryManagerExternal.cpp">
      <Filter>Memory</Filter>
    </ClCompile>
    <ClCompile Include="CreateToolhelp32SnapshotException.cpp">
      <Filter>Exceptions</Filter>
    </ClCompile>
    <ClCompile Include="WinAPIException.cpp">
      <Filter>Exceptions</Filter>
    </ClCompile>
    <ClCompile Include="BaseException.cpp">
      <Filter>Exceptions</Filter>
    </ClCompile>
    <ClCompile Include="Process32Exception.cpp">
      <Filter>Exceptions</Filter>
    </ClCompile>
    <ClCompile Include="OpenProcessException.cpp" />
    <ClCompile Include="Module32Exception.cpp">
      <Filter>Exceptions</Filter>
    </ClCompile>
    <ClCompile Include="SharedMethods.cpp">
      <Filter>Shared</Filter>
    </ClCompile>
  </ItemGroup>
  <ItemGroup>
    <ClInclude Include="MemoryCommander.h" />
    <ClInclude Include="MemoryManagerExternal.h">
      <Filter>Memory</Filter>
    </ClInclude>
    <ClInclude Include="MemoryProtection.h">
      <Filter>Native\Enumerations</Filter>
    </ClInclude>
    <ClInclude Include="ProcessAccess.h">
      <Filter>Native\Enumerations</Filter>
    </ClInclude>
    <ClInclude Include="CreateToolhelp32SnapshotException.h">
      <Filter>Exceptions</Filter>
    </ClInclude>
    <ClInclude Include="WinAPIException.h">
      <Filter>Exceptions</Filter>
    </ClInclude>
    <ClInclude Include="BaseException.h">
      <Filter>Exceptions</Filter>
    </ClInclude>
    <ClInclude Include="Process32Exception.h">
      <Filter>Exceptions</Filter>
    </ClInclude>
    <ClInclude Include="OpenProcessException.h" />
    <ClInclude Include="Module32Exception.h">
      <Filter>Exceptions</Filter>
    </ClInclude>
    <ClInclude Include="SharedMethods.h">
      <Filter>Shared</Filter>
    </ClInclude>
  </ItemGroup>
  <ItemGroup>
    <Filter Include="Memory">
      <UniqueIdentifier>{248e7357-c067-45fc-a8d4-2f4af12f280e}</UniqueIdentifier>
    </Filter>
    <Filter Include="Native">
      <UniqueIdentifier>{09704117-dcab-4d4c-bef3-336b6aac6f70}</UniqueIdentifier>
    </Filter>
    <Filter Include="Native\Enumerations">
      <UniqueIdentifier>{0f22e6f7-d1e5-4685-ba19-344d3fe27b68}</UniqueIdentifier>
    </Filter>
    <Filter Include="Shared">
      <UniqueIdentifier>{74cafc92-a365-4613-8736-8f2c6a1d19a3}</UniqueIdentifier>
    </Filter>
    <Filter Include="Exceptions">
      <UniqueIdentifier>{4a57da88-c2f1-4e60-a4a8-1cb62a78111a}</UniqueIdentifier>
    </Filter>
  </ItemGroup>
  <ItemGroup>
    <None Include="packages.config" />
  </ItemGroup>
</Project>