<?xml version="1.0" encoding="utf-8"?>
<Project ToolsVersion="4.0" xmlns="http://schemas.microsoft.com/developer/msbuild/2003">
  <ItemGroup>
    <ClCompile Include="MemoryManagerExternalTests.cpp" />
    <ClCompile Include="BytePatternScannerTests.cpp" />
    <ClCompile Include="MemoryScannerTests.cpp" />
  </ItemGroup>
  <ItemGroup>
    <ClInclude Include="MemoryManagerExternalTests.h" />
    <ClInclude Include="BytePatternScannerTests.h" />
    <ClInclude Include="MemoryScannerTests.h" />
  </ItemGroup>
</Project>