<?xml version="1.0" encoding="utf-8"?>
<Project ToolsVersion="4.0" xmlns="http://schemas.microsoft.com/developer/msbuild/2003">
  <ItemGroup>
    <ClCompile Include="MemoryCommando.cpp" />
    <ClCompile Include="Exceptions\BaseException.cpp">
      <Filter>Exceptions</Filter>
    </ClCompile>
    <ClCompile Include="Exceptions\WinAPIException.cpp">
      <Filter>Exceptions</Filter>
    </ClCompile>
    <ClCompile Include="Exceptions\CreateToolhelp32SnapshotException.cpp">
      <Filter>Exceptions</Filter>
    </ClCompile>
    <ClCompile Include="Exceptions\GetProcessIdException.cpp">
      <Filter>Exceptions</Filter>
    </ClCompile>
    <ClCompile Include="Exceptions\GetProcessImageFileNameException.cpp">
      <Filter>Exceptions</Filter>
    </ClCompile>
    <ClCompile Include="Exceptions\Module32Exception.cpp">
      <Filter>Exceptions</Filter>
    </ClCompile>
    <ClCompile Include="Exceptions\OpenProcessException.cpp">
      <Filter>Exceptions</Filter>
    </ClCompile>
    <ClCompile Include="Exceptions\Process32Exception.cpp">
      <Filter>Exceptions</Filter>
    </ClCompile>
    <ClCompile Include="Exceptions\ReadProcessMemoryException.cpp">
      <Filter>Exceptions</Filter>
    </ClCompile>
    <ClCompile Include="Exceptions\VirtualAllocException.cpp">
      <Filter>Exceptions</Filter>
    </ClCompile>
    <ClCompile Include="Exceptions\VirtualAllocExException.cpp">
      <Filter>Exceptions</Filter>
    </ClCompile>
    <ClCompile Include="Exceptions\VirtualFreeException.cpp">
      <Filter>Exceptions</Filter>
    </ClCompile>
    <ClCompile Include="Exceptions\VirtualFreeExException.cpp">
      <Filter>Exceptions</Filter>
    </ClCompile>
    <ClCompile Include="Exceptions\VirtualProtectException.cpp">
      <Filter>Exceptions</Filter>
    </ClCompile>
    <ClCompile Include="Exceptions\VirtualProtectExException.cpp">
      <Filter>Exceptions</Filter>
    </ClCompile>
    <ClCompile Include="Exceptions\VirtualQueryException.cpp">
      <Filter>Exceptions</Filter>
    </ClCompile>
    <ClCompile Include="Exceptions\VirtualQueryExException.cpp">
      <Filter>Exceptions</Filter>
    </ClCompile>
    <ClCompile Include="Exceptions\WriteProcessMemoryException.cpp">
      <Filter>Exceptions</Filter>
    </ClCompile>
    <ClCompile Include="Memory\External\MemoryManagerExternal.cpp">
      <Filter>Memory\External</Filter>
    </ClCompile>
    <ClCompile Include="Memory\MemoryManager.cpp">
      <Filter>Memory</Filter>
    </ClCompile>
    <ClCompile Include="Memory\Internal\MemoryManagerInternal.cpp">
      <Filter>Memory\Internal</Filter>
    </ClCompile>
    <ClCompile Include="HelperMethods.cpp" />
    <ClCompile Include="Memory\Scan\BytePatternScanner.cpp">
      <Filter>Memory\Scan</Filter>
    </ClCompile>
    <ClCompile Include="Memory\Scan\MemoryScanner.cpp">
      <Filter>Memory\Scan</Filter>
    </ClCompile>
    <ClCompile Include="Memory\Scan\ScanHelperMethods.cpp">
      <Filter>Memory\Scan</Filter>
    </ClCompile>
    <ClCompile Include="Memory\CodeInjector.cpp">
      <Filter>Memory</Filter>
    </ClCompile>
    <ClCompile Include="Exceptions\BadReadPointerException.cpp">
      <Filter>Exceptions</Filter>
    </ClCompile>
    <ClCompile Include="BadWritePointerException.cpp" />
    <ClCompile Include="Memory\Scan\PatternScanner\PatternConverter.cpp" />
    <ClCompile Include="Memory\Scan\PatternScanner\BytePattern.cpp" />
    <ClCompile Include="Memory\Scan\PatternScanner\BadByteHeuristic.cpp" />
  </ItemGroup>
  <ItemGroup>
    <ClInclude Include="MemoryCommando.h" />
    <ClInclude Include="Exceptions\BaseException.h">
      <Filter>Exceptions</Filter>
    </ClInclude>
    <ClInclude Include="Exceptions\WinAPIException.h">
      <Filter>Exceptions</Filter>
    </ClInclude>
    <ClInclude Include="Exceptions\CreateToolhelp32SnapshotException.h">
      <Filter>Exceptions</Filter>
    </ClInclude>
    <ClInclude Include="Exceptions\GetProcessIdException.h">
      <Filter>Exceptions</Filter>
    </ClInclude>
    <ClInclude Include="Exceptions\GetProcessImageFileNameException.h">
      <Filter>Exceptions</Filter>
    </ClInclude>
    <ClInclude Include="Exceptions\Module32Exception.h">
      <Filter>Exceptions</Filter>
    </ClInclude>
    <ClInclude Include="Exceptions\OpenProcessException.h">
      <Filter>Exceptions</Filter>
    </ClInclude>
    <ClInclude Include="Exceptions\Process32Exception.h">
      <Filter>Exceptions</Filter>
    </ClInclude>
    <ClInclude Include="Exceptions\ReadProcessMemoryException.h">
      <Filter>Exceptions</Filter>
    </ClInclude>
    <ClInclude Include="Exceptions\VirtualAllocException.h">
      <Filter>Exceptions</Filter>
    </ClInclude>
    <ClInclude Include="Exceptions\VirtualAllocExException.h">
      <Filter>Exceptions</Filter>
    </ClInclude>
    <ClInclude Include="Exceptions\VirtualFreeException.h">
      <Filter>Exceptions</Filter>
    </ClInclude>
    <ClInclude Include="Exceptions\VirtualFreeExException.h">
      <Filter>Exceptions</Filter>
    </ClInclude>
    <ClInclude Include="Exceptions\VirtualProtectException.h">
      <Filter>Exceptions</Filter>
    </ClInclude>
    <ClInclude Include="Exceptions\VirtualProtectExException.h">
      <Filter>Exceptions</Filter>
    </ClInclude>
    <ClInclude Include="Exceptions\VirtualQueryException.h">
      <Filter>Exceptions</Filter>
    </ClInclude>
    <ClInclude Include="Exceptions\VirtualQueryExException.h">
      <Filter>Exceptions</Filter>
    </ClInclude>
    <ClInclude Include="Exceptions\WriteProcessMemoryException.h">
      <Filter>Exceptions</Filter>
    </ClInclude>
    <ClInclude Include="Native\Enumerations\ProcessAccess.h">
      <Filter>Native\Enumerations</Filter>
    </ClInclude>
    <ClInclude Include="Native\Enumerations\MemoryProtection.h">
      <Filter>Native\Enumerations</Filter>
    </ClInclude>
    <ClInclude Include="Memory\External\MemoryManagerExternal.h">
      <Filter>Memory\External</Filter>
    </ClInclude>
    <ClInclude Include="Memory\MemoryManager.h">
      <Filter>Memory</Filter>
    </ClInclude>
    <ClInclude Include="Memory\Internal\MemoryManagerInternal.h">
      <Filter>Memory\Internal</Filter>
    </ClInclude>
    <ClInclude Include="HelperMethods.h" />
    <ClInclude Include="Memory\Scan\BytePatternScanner.h">
      <Filter>Memory\Scan</Filter>
    </ClInclude>
    <ClInclude Include="Memory\Scan\MemoryScanner.h">
      <Filter>Memory\Scan</Filter>
    </ClInclude>
    <ClInclude Include="Memory\Scan\ScanHelperMethods.h">
      <Filter>Memory\Scan</Filter>
    </ClInclude>
    <ClInclude Include="Memory\CodeInjector.h">
      <Filter>Memory</Filter>
    </ClInclude>
    <ClInclude Include="Exceptions\BadReadPointerException.h">
      <Filter>Exceptions</Filter>
    </ClInclude>
    <ClInclude Include="BadWritePointerException.h" />
    <ClInclude Include="Memory\Scan\PatternScanner\PatternConverter.h" />
    <ClInclude Include="Memory\Scan\PatternScanner\BytePattern.h" />
    <ClInclude Include="Memory\Scan\PatternScanner\BadByteHeuristic.h" />
  </ItemGroup>
  <ItemGroup>
    <Filter Include="Memory">
      <UniqueIdentifier>{248e7357-c067-45fc-a8d4-2f4af12f280e}</UniqueIdentifier>
    </Filter>
    <Filter Include="Native">
      <UniqueIdentifier>{09704117-dcab-4d4c-bef3-336b6aac6f70}</UniqueIdentifier>
    </Filter>
    <Filter Include="Native\Enumerations">
      <UniqueIdentifier>{0f22e6f7-d1e5-4685-ba19-344d3fe27b68}</UniqueIdentifier>
    </Filter>
    <Filter Include="Exceptions">
      <UniqueIdentifier>{4a57da88-c2f1-4e60-a4a8-1cb62a78111a}</UniqueIdentifier>
    </Filter>
    <Filter Include="Memory\External">
      <UniqueIdentifier>{672a6db3-2779-46eb-9fb9-28c632d9f4d2}</UniqueIdentifier>
    </Filter>
    <Filter Include="Memory\Internal">
      <UniqueIdentifier>{d7856151-2628-49ed-96b9-e4a9c3c99e65}</UniqueIdentifier>
    </Filter>
    <Filter Include="Memory\Scan">
      <UniqueIdentifier>{50ba9094-27c6-4852-8cff-c4f8df442517}</UniqueIdentifier>
    </Filter>
  </ItemGroup>
  <ItemGroup>
    <None Include="packages.config" />
  </ItemGroup>
</Project>