<?xml version="1.0" encoding="utf-8"?>
<Project ToolsVersion="4.0" xmlns="http://schemas.microsoft.com/developer/msbuild/2003">
  <ItemGroup>
    <ClCompile Include="CreateToolhelp32SnapshotException.cpp">
      <Filter>Exceptions</Filter>
    </ClCompile>
    <ClCompile Include="WinAPIException.cpp">
      <Filter>Exceptions</Filter>
    </ClCompile>
    <ClCompile Include="BaseException.cpp">
      <Filter>Exceptions</Filter>
    </ClCompile>
    <ClCompile Include="Process32Exception.cpp">
      <Filter>Exceptions</Filter>
    </ClCompile>
    <ClCompile Include="Module32Exception.cpp">
      <Filter>Exceptions</Filter>
    </ClCompile>
    <ClCompile Include="OpenProcessException.cpp">
      <Filter>Exceptions</Filter>
    </ClCompile>
    <ClCompile Include="External.cpp">
      <Filter>Memory\External</Filter>
    </ClCompile>
    <ClCompile Include="MemoryManager.cpp">
      <Filter>Memory\External</Filter>
    </ClCompile>
    <ClCompile Include="MemoryCommando.cpp" />
    <ClCompile Include="GetProcessImageFileNameException.cpp">
      <Filter>Exceptions</Filter>
    </ClCompile>
    <ClCompile Include="GetProcessIdException.cpp">
      <Filter>Exceptions</Filter>
    </ClCompile>
    <ClCompile Include="VirtualAllocExException.cpp">
      <Filter>Exceptions</Filter>
    </ClCompile>
    <ClCompile Include="VirtualFreeExException.cpp">
      <Filter>Exceptions</Filter>
    </ClCompile>
    <ClCompile Include="VirtualProtectExException.cpp">
      <Filter>Exceptions</Filter>
    </ClCompile>
    <ClCompile Include="VirtualQueryExException.cpp">
      <Filter>Exceptions</Filter>
    </ClCompile>
    <ClCompile Include="WriteProcessMemoryException.cpp">
      <Filter>Exceptions</Filter>
    </ClCompile>
    <ClCompile Include="ReadProcessMemoryException.cpp">
      <Filter>Exceptions</Filter>
    </ClCompile>
    <ClCompile Include="MemoryScanner.cpp">
      <Filter>Memory\External</Filter>
    </ClCompile>
    <ClCompile Include="Memory.cpp">
      <Filter>Memory</Filter>
    </ClCompile>
    <ClCompile Include="BytePatternScanner.cpp">
      <Filter>Memory</Filter>
    </ClCompile>
  </ItemGroup>
  <ItemGroup>
    <ClInclude Include="MemoryProtection.h">
      <Filter>Native\Enumerations</Filter>
    </ClInclude>
    <ClInclude Include="ProcessAccess.h">
      <Filter>Native\Enumerations</Filter>
    </ClInclude>
    <ClInclude Include="CreateToolhelp32SnapshotException.h">
      <Filter>Exceptions</Filter>
    </ClInclude>
    <ClInclude Include="WinAPIException.h">
      <Filter>Exceptions</Filter>
    </ClInclude>
    <ClInclude Include="BaseException.h">
      <Filter>Exceptions</Filter>
    </ClInclude>
    <ClInclude Include="Process32Exception.h">
      <Filter>Exceptions</Filter>
    </ClInclude>
    <ClInclude Include="Module32Exception.h">
      <Filter>Exceptions</Filter>
    </ClInclude>
    <ClInclude Include="OpenProcessException.h">
      <Filter>Exceptions</Filter>
    </ClInclude>
    <ClInclude Include="External.h">
      <Filter>Memory\External</Filter>
    </ClInclude>
    <ClInclude Include="MemoryManager.h">
      <Filter>Memory\External</Filter>
    </ClInclude>
    <ClInclude Include="MemoryCommando.h" />
    <ClInclude Include="GetProcessImageFileNameException.h">
      <Filter>Exceptions</Filter>
    </ClInclude>
    <ClInclude Include="GetProcessIdException.h">
      <Filter>Exceptions</Filter>
    </ClInclude>
    <ClInclude Include="VirtualAllocExException.h">
      <Filter>Exceptions</Filter>
    </ClInclude>
    <ClInclude Include="VirtualFreeExException.h">
      <Filter>Exceptions</Filter>
    </ClInclude>
    <ClInclude Include="VirtualProtectExException.h">
      <Filter>Exceptions</Filter>
    </ClInclude>
    <ClInclude Include="VirtualQueryExException.h">
      <Filter>Exceptions</Filter>
    </ClInclude>
    <ClInclude Include="WriteProcessMemoryException.h">
      <Filter>Exceptions</Filter>
    </ClInclude>
    <ClInclude Include="ReadProcessMemoryException.h">
      <Filter>Exceptions</Filter>
    </ClInclude>
    <ClInclude Include="MemoryScanner.h">
      <Filter>Memory\External</Filter>
    </ClInclude>
    <ClInclude Include="Memory.h">
      <Filter>Memory</Filter>
    </ClInclude>
    <ClInclude Include="BytePatternScanner.h">
      <Filter>Memory</Filter>
    </ClInclude>
  </ItemGroup>
  <ItemGroup>
    <Filter Include="Memory">
      <UniqueIdentifier>{248e7357-c067-45fc-a8d4-2f4af12f280e}</UniqueIdentifier>
    </Filter>
    <Filter Include="Native">
      <UniqueIdentifier>{09704117-dcab-4d4c-bef3-336b6aac6f70}</UniqueIdentifier>
    </Filter>
    <Filter Include="Native\Enumerations">
      <UniqueIdentifier>{0f22e6f7-d1e5-4685-ba19-344d3fe27b68}</UniqueIdentifier>
    </Filter>
    <Filter Include="Exceptions">
      <UniqueIdentifier>{4a57da88-c2f1-4e60-a4a8-1cb62a78111a}</UniqueIdentifier>
    </Filter>
    <Filter Include="Memory\External">
      <UniqueIdentifier>{672a6db3-2779-46eb-9fb9-28c632d9f4d2}</UniqueIdentifier>
    </Filter>
  </ItemGroup>
  <ItemGroup>
    <None Include="packages.config" />
  </ItemGroup>
</Project>